// !$*UTF8*$!
{
	archiveVersion = 1;
	classes = {
	};
	objectVersion = 46;
	objects = {

/* Begin PBXBuildFile section */
		266602C31CD4337200255F29 /* AppDelegate.swift in Sources */ = {isa = PBXBuildFile; fileRef = 266602C21CD4337200255F29 /* AppDelegate.swift */; };
		266602C71CD4337200255F29 /* GameScene.swift in Sources */ = {isa = PBXBuildFile; fileRef = 266602C61CD4337200255F29 /* GameScene.swift */; };
		266602C91CD4337200255F29 /* GameViewController.swift in Sources */ = {isa = PBXBuildFile; fileRef = 266602C81CD4337200255F29 /* GameViewController.swift */; };
		266602CC1CD4337200255F29 /* Main.storyboard in Resources */ = {isa = PBXBuildFile; fileRef = 266602CA1CD4337200255F29 /* Main.storyboard */; };
		266602CE1CD4337200255F29 /* Assets.xcassets in Resources */ = {isa = PBXBuildFile; fileRef = 266602CD1CD4337200255F29 /* Assets.xcassets */; };
		266602D11CD4337200255F29 /* LaunchScreen.storyboard in Resources */ = {isa = PBXBuildFile; fileRef = 266602CF1CD4337200255F29 /* LaunchScreen.storyboard */; };
		266602DC1CD44CE600255F29 /* Sounds in Resources */ = {isa = PBXBuildFile; fileRef = 266602DA1CD44CE600255F29 /* Sounds */; };
		266602DD1CD44CE600255F29 /* sprites.atlas in Resources */ = {isa = PBXBuildFile; fileRef = 266602DB1CD44CE600255F29 /* sprites.atlas */; };
		266602E11CD848C900255F29 /* GameOverScene.swift in Sources */ = {isa = PBXBuildFile; fileRef = 266602E01CD848C900255F29 /* GameOverScene.swift */; };
/* End PBXBuildFile section */

/* Begin PBXFileReference section */
		266602BF1CD4337200255F29 /* SpriteKitSimpleGame.app */ = {isa = PBXFileReference; explicitFileType = wrapper.application; includeInIndex = 0; path = SpriteKitSimpleGame.app; sourceTree = BUILT_PRODUCTS_DIR; };
		266602C21CD4337200255F29 /* AppDelegate.swift */ = {isa = PBXFileReference; lastKnownFileType = sourcecode.swift; path = AppDelegate.swift; sourceTree = "<group>"; };
		266602C61CD4337200255F29 /* GameScene.swift */ = {isa = PBXFileReference; lastKnownFileType = sourcecode.swift; path = GameScene.swift; sourceTree = "<group>"; };
		266602C81CD4337200255F29 /* GameViewController.swift */ = {isa = PBXFileReference; lastKnownFileType = sourcecode.swift; path = GameViewController.swift; sourceTree = "<group>"; };
		266602CB1CD4337200255F29 /* Base */ = {isa = PBXFileReference; lastKnownFileType = file.storyboard; name = Base; path = Base.lproj/Main.storyboard; sourceTree = "<group>"; };
		266602CD1CD4337200255F29 /* Assets.xcassets */ = {isa = PBXFileReference; lastKnownFileType = folder.assetcatalog; path = Assets.xcassets; sourceTree = "<group>"; };
		266602D01CD4337200255F29 /* Base */ = {isa = PBXFileReference; lastKnownFileType = file.storyboard; name = Base; path = Base.lproj/LaunchScreen.storyboard; sourceTree = "<group>"; };
		266602D21CD4337200255F29 /* Info.plist */ = {isa = PBXFileReference; lastKnownFileType = text.plist.xml; path = Info.plist; sourceTree = "<group>"; };
		266602DA1CD44CE600255F29 /* Sounds */ = {isa = PBXFileReference; lastKnownFileType = folder; path = Sounds; sourceTree = "<group>"; };
		266602DB1CD44CE600255F29 /* sprites.atlas */ = {isa = PBXFileReference; lastKnownFileType = folder.skatlas; path = sprites.atlas; sourceTree = "<group>"; };
		266602E01CD848C900255F29 /* GameOverScene.swift */ = {isa = PBXFileReference; fileEncoding = 4; lastKnownFileType = sourcecode.swift; name = GameOverScene.swift; path = sprites.atlas/GameOverScene.swift; sourceTree = "<group>"; };
/* End PBXFileReference section */

/* Begin PBXFrameworksBuildPhase section */
		266602BC1CD4337200255F29 /* Frameworks */ = {
			isa = PBXFrameworksBuildPhase;
			buildActionMask = 2147483647;
			files = (
			);
			runOnlyForDeploymentPostprocessing = 0;
		};
/* End PBXFrameworksBuildPhase section */

/* Begin PBXGroup section */
		266602B61CD4337200255F29 = {
			isa = PBXGroup;
			children = (
				266602C11CD4337200255F29 /* SpriteKitSimpleGame */,
				266602C01CD4337200255F29 /* Products */,
			);
			sourceTree = "<group>";
		};
		266602C01CD4337200255F29 /* Products */ = {
			isa = PBXGroup;
			children = (
				266602BF1CD4337200255F29 /* SpriteKitSimpleGame.app */,
			);
			name = Products;
			sourceTree = "<group>";
		};
		266602C11CD4337200255F29 /* SpriteKitSimpleGame */ = {
			isa = PBXGroup;
			children = (
				266602DA1CD44CE600255F29 /* Sounds */,
				266602DB1CD44CE600255F29 /* sprites.atlas */,
				266602C21CD4337200255F29 /* AppDelegate.swift */,
				266602C61CD4337200255F29 /* GameScene.swift */,
				266602E01CD848C900255F29 /* GameOverScene.swift */,
				266602C81CD4337200255F29 /* GameViewController.swift */,
				266602CA1CD4337200255F29 /* Main.storyboard */,
				266602CD1CD4337200255F29 /* Assets.xcassets */,
				266602CF1CD4337200255F29 /* LaunchScreen.storyboard */,
				266602D21CD4337200255F29 /* Info.plist */,
			);
			path = SpriteKitSimpleGame;
			sourceTree = "<group>";
		};
/* End PBXGroup section */

/* Begin PBXNativeTarget section */
		266602BE1CD4337200255F29 /* SpriteKitSimpleGame */ = {
			isa = PBXNativeTarget;
			buildConfigurationList = 266602D51CD4337200255F29 /* Build configuration list for PBXNativeTarget "SpriteKitSimpleGame" */;
			buildPhases = (
				266602BB1CD4337200255F29 /* Sources */,
				266602BC1CD4337200255F29 /* Frameworks */,
				266602BD1CD4337200255F29 /* Resources */,
			);
			buildRules = (
			);
			dependencies = (
			);
			name = SpriteKitSimpleGame;
			productName = SpriteKitSimpleGame;
			productReference = 266602BF1CD4337200255F29 /* SpriteKitSimpleGame.app */;
			productType = "com.apple.product-type.application";
		};
/* End PBXNativeTarget section */

/* Begin PBXProject section */
		266602B71CD4337200255F29 /* Project object */ = {
			isa = PBXProject;
			attributes = {
				LastSwiftUpdateCheck = 0730;
				LastUpgradeCheck = 0730;
				ORGANIZATIONNAME = nimblecode;
				TargetAttributes = {
					266602BE1CD4337200255F29 = {
						CreatedOnToolsVersion = 7.3;
						DevelopmentTeam = D7CTE4Z6LB;
					};
				};
			};
			buildConfigurationList = 266602BA1CD4337200255F29 /* Build configuration list for PBXProject "SpriteKitSimpleGame" */;
			compatibilityVersion = "Xcode 3.2";
			developmentRegion = English;
			hasScannedForEncodings = 0;
			knownRegions = (
				en,
				Base,
			);
			mainGroup = 266602B61CD4337200255F29;
			productRefGroup = 266602C01CD4337200255F29 /* Products */;
			projectDirPath = "";
			projectRoot = "";
			targets = (
				266602BE1CD4337200255F29 /* SpriteKitSimpleGame */,
			);
		};
/* End PBXProject section */

/* Begin PBXResourcesBuildPhase section */
		266602BD1CD4337200255F29 /* Resources */ = {
			isa = PBXResourcesBuildPhase;
			buildActionMask = 2147483647;
			files = (
				266602DC1CD44CE600255F29 /* Sounds in Resources */,
				266602D11CD4337200255F29 /* LaunchScreen.storyboard in Resources */,
				266602CE1CD4337200255F29 /* Assets.xcassets in Resources */,
				266602DD1CD44CE600255F29 /* sprites.atlas in Resources */,
				266602CC1CD4337200255F29 /* Main.storyboard in Resources */,
			);
			runOnlyForDeploymentPostprocessing = 0;
		};
/* End PBXResourcesBuildPhase section */

/* Begin PBXSourcesBuildPhase section */
		266602BB1CD4337200255F29 /* Sources */ = {
			isa = PBXSourcesBuildPhase;
			buildActionMask = 2147483647;
			files = (
				266602E11CD848C900255F29 /* GameOverScene.swift in Sources */,
				266602C71CD4337200255F29 /* GameScene.swift in Sources */,
				266602C91CD4337200255F29 /* GameViewController.swift in Sources */,
				266602C31CD4337200255F29 /* AppDelegate.swift in Sources */,
			);
			runOnlyForDeploymentPostprocessing = 0;
		};
/* End PBXSourcesBuildPhase section */

/* Begin PBXVariantGroup section */
		266602CA1CD4337200255F29 /* Main.storyboard */ = {
			isa = PBXVariantGroup;
			children = (
				266602CB1CD4337200255F29 /* Base */,
			);
			name = Main.storyboard;
			sourceTree = "<group>";
		};
		266602CF1CD4337200255F29 /* LaunchScreen.storyboard */ = {
			isa = PBXVariantGroup;
			children = (
				266602D01CD4337200255F29 /* Base */,
			);
			name = LaunchScreen.storyboard;
			sourceTree = "<group>";
		};
/* End PBXVariantGroup section */

/* Begin XCBuildConfiguration section */
		266602D31CD4337200255F29 /* Debug */ = {
			isa = XCBuildConfiguration;
			buildSettings = {
				ALWAYS_SEARCH_USER_PATHS = NO;
				CLANG_ANALYZER_NONNULL = YES;
				CLANG_CXX_LANGUAGE_STANDARD = "gnu++0x";
				CLANG_CXX_LIBRARY = "libc++";
				CLANG_ENABLE_MODULES = YES;
				CLANG_ENABLE_OBJC_ARC = YES;
				CLANG_WARN_BOOL_CONVERSION = YES;
				CLANG_WARN_CONSTANT_CONVERSION = YES;
				CLANG_WARN_DIRECT_OBJC_ISA_USAGE = YES_ERROR;
				CLANG_WARN_EMPTY_BODY = YES;
				CLANG_WARN_ENUM_CONVERSION = YES;
				CLANG_WARN_INT_CONVERSION = YES;
				CLANG_WARN_OBJC_ROOT_CLASS = YES_ERROR;
				CLANG_WARN_UNREACHABLE_CODE = YES;
				CLANG_WARN__DUPLICATE_METHOD_MATCH = YES;
				"CODE_SIGN_IDENTITY[sdk=iphoneos*]" = "iPhone Developer";
				COPY_PHASE_STRIP = NO;
				DEBUG_INFORMATION_FORMAT = "dwarf-with-dsym";
				ENABLE_STRICT_OBJC_MSGSEND = YES;
				ENABLE_TESTABILITY = YES;
				GCC_C_LANGUAGE_STANDARD = gnu99;
				GCC_DYNAMIC_NO_PIC = NO;
				GCC_NO_COMMON_BLOCKS = YES;
				GCC_OPTIMIZATION_LEVEL = 0;
				GCC_PREPROCESSOR_DEFINITIONS = (
					"DEBUG=1",
					"$(inherited)",
				);
				GCC_WARN_64_TO_32_BIT_CONVERSION = YES;
				GCC_WARN_ABOUT_RETURN_TYPE = YES_ERROR;
				GCC_WARN_UNDECLARED_SELECTOR = YES;
				GCC_WARN_UNINITIALIZED_AUTOS = YES_AGGRESSIVE;
				GCC_WARN_UNUSED_FUNCTION = YES;
				GCC_WARN_UNUSED_VARIABLE = YES;
				IPHONEOS_DEPLOYMENT_TARGET = 9.3;
				MTL_ENABLE_DEBUG_INFO = YES;
				ONLY_ACTIVE_ARCH = YES;
				SDKROOT = iphoneos;
				SWIFT_OPTIMIZATION_LEVEL = "-Onone";
			};
			name = Debug;
		};
		266602D41CD4337200255F29 /* Release */ = {
			isa = XCBuildConfiguration;
			buildSettings = {
				ALWAYS_SEARCH_USER_PATHS = NO;
				CLANG_ANALYZER_NONNULL = YES;
				CLANG_CXX_LANGUAGE_STANDARD = "gnu++0x";
				CLANG_CXX_LIBRARY = "libc++";
				CLANG_ENABLE_MODULES = YES;
				CLANG_ENABLE_OBJC_ARC = YES;
				CLANG_WARN_BOOL_CONVERSION = YES;
				CLANG_WARN_CONSTANT_CONVERSION = YES;
				CLANG_WARN_DIRECT_OBJC_ISA_USAGE = YES_ERROR;
				CLANG_WARN_EMPTY_BODY = YES;
				CLANG_WARN_ENUM_CONVERSION = YES;
				CLANG_WARN_INT_CONVERSION = YES;
				CLANG_WARN_OBJC_ROOT_CLASS = YES_ERROR;
				CLANG_WARN_UNREACHABLE_CODE = YES;
				CLANG_WARN__DUPLICATE_METHOD_MATCH = YES;
				"CODE_SIGN_IDENTITY[sdk=iphoneos*]" = "iPhone Developer";
				COPY_PHASE_STRIP = NO;
				DEBUG_INFORMATION_FORMAT = "dwarf-with-dsym";
				ENABLE_NS_ASSERTIONS = NO;
				ENABLE_STRICT_OBJC_MSGSEND = YES;
				GCC_C_LANGUAGE_STANDARD = gnu99;
				GCC_NO_COMMON_BLOCKS = YES;
				GCC_WARN_64_TO_32_BIT_CONVERSION = YES;
				GCC_WARN_ABOUT_RETURN_TYPE = YES_ERROR;
				GCC_WARN_UNDECLARED_SELECTOR = YES;
				GCC_WARN_UNINITIALIZED_AUTOS = YES_AGGRESSIVE;
				GCC_WARN_UNUSED_FUNCTION = YES;
				GCC_WARN_UNUSED_VARIABLE = YES;
				IPHONEOS_DEPLOYMENT_TARGET = 9.3;
				MTL_ENABLE_DEBUG_INFO = NO;
				SDKROOT = iphoneos;
				VALIDATE_PRODUCT = YES;
			};
			name = Release;
		};
		266602D61CD4337200255F29 /* Debug */ = {
			isa = XCBuildConfiguration;
			buildSettings = {
				ASSETCATALOG_COMPILER_APPICON_NAME = AppIcon;
				CODE_SIGN_IDENTITY = "iPhone Developer";
				"CODE_SIGN_IDENTITY[sdk=iphoneos*]" = "iPhone Developer";
				INFOPLIST_FILE = SpriteKitSimpleGame/Info.plist;
				LD_RUNPATH_SEARCH_PATHS = "$(inherited) @executable_path/Frameworks";
				PRODUCT_BUNDLE_IDENTIFIER = nimblecode.io.SpriteKitSimpleGame;
				PRODUCT_NAME = "$(TARGET_NAME)";
				PROVISIONING_PROFILE = "";
			};
			name = Debug;
		};
		266602D71CD4337200255F29 /* Release */ = {
			isa = XCBuildConfiguration;
			buildSettings = {
				ASSETCATALOG_COMPILER_APPICON_NAME = AppIcon;
				CODE_SIGN_IDENTITY = "iPhone Developer";
				"CODE_SIGN_IDENTITY[sdk=iphoneos*]" = "iPhone Developer";
				INFOPLIST_FILE = SpriteKitSimpleGame/Info.plist;
				LD_RUNPATH_SEARCH_PATHS = "$(inherited) @executable_path/Frameworks";
				PRODUCT_BUNDLE_IDENTIFIER = nimblecode.io.SpriteKitSimpleGame;
				PRODUCT_NAME = "$(TARGET_NAME)";
				PROVISIONING_PROFILE = "";
			};
			name = Release;
		};
/* End XCBuildConfiguration section */

/* Begin XCConfigurationList section */
		266602BA1CD4337200255F29 /* Build configuration list for PBXProject "SpriteKitSimpleGame" */ = {
			isa = XCConfigurationList;
			buildConfigurations = (
				266602D31CD4337200255F29 /* Debug */,
				266602D41CD4337200255F29 /* Release */,
			);
			defaultConfigurationIsVisible = 0;
			defaultConfigurationName = Release;
		};
		266602D51CD4337200255F29 /* Build configuration list for PBXNativeTarget "SpriteKitSimpleGame" */ = {
			isa = XCConfigurationList;
			buildConfigurations = (
				266602D61CD4337200255F29 /* Debug */,
				266602D71CD4337200255F29 /* Release */,
			);
			defaultConfigurationIsVisible = 0;
			defaultConfigurationName = Release;
		};
/* End XCConfigurationList section */
	};
	rootObject = 266602B71CD4337200255F29 /* Project object */;
}
